schema: '2.0'
stages:
  prepare:
    cmd: python src/preprocessing.py
    deps:
    - path: data/heart_attack_prediction_indonesia.csv
      hash: md5
      md5: f36c7f02a8743421a418122833f1957b
      size: 20749628
    - path: src/preprocessing.py
      hash: md5
      md5: 078ed47b4b5538bf4b173e8facdf9ef6
      size: 1151
    outs:
    - path: data/pipeline.pkl
      hash: md5
      md5: 568f99ad5f2759e917086d6c88e8b62d
      size: 3428
    - path: data/processed_heart_attack_prediction.csv
      hash: md5
      md5: 3cc0abdd4219664cb6b5105d06228395
      size: 70549292
